
Microsoft Visual Studio Solution File, Format Version 12.00
# Visual Studio Version 17
VisualStudioVersion = 17.2.32630.192
MinimumVisualStudioVersion = 10.0.40219.1
Project("{9A19103F-16F7-4668-BE54-9A1E7A4F7556}") = "Account.WebApi", "Account.WebApi\Account.WebApi.csproj", "{6EB194D0-09F2-4C96-BFD2-9B7F1A897750}"
EndProject
Project("{9A19103F-16F7-4668-BE54-9A1E7A4F7556}") = "Account.Data", "Account.Data\Account.Data.csproj", "{2072A3BD-E182-4D85-80DB-AB863F0F90F2}"
EndProject
Project("{9A19103F-16F7-4668-BE54-9A1E7A4F7556}") = "Account.Service", "Account.Service\Account.Service.csproj", "{8E56EA0E-50BD-438A-A0EB-5244796ECC6A}"
EndProject
Project("{2150E333-8FDC-42A3-9474-1A3956D46DE8}") = "Transaction", "Transaction", "{B8EF8115-A8BA-4FA3-ACB2-71EC45BFDD18}"
EndProject
Project("{9A19103F-16F7-4668-BE54-9A1E7A4F7556}") = "Transaction.WebApi", "Transaction.WebApi\Transaction.WebApi.csproj", "{74BAC4F0-F1F4-43ED-8AFC-A6B6616A9F49}"
EndProject
Project("{9A19103F-16F7-4668-BE54-9A1E7A4F7556}") = "Transaction.Data", "Transaction.Data\Transaction.Data.csproj", "{F7AC4368-323E-4B3D-A136-C40DA644FDCE}"
EndProject
Project("{9A19103F-16F7-4668-BE54-9A1E7A4F7556}") = "Transaction.Service", "Transaction.Service\Transaction.Service.csproj", "{CF1D350F-F10B-4CB6-8E0C-B52BF4B571C8}"
EndProject
Project("{9A19103F-16F7-4668-BE54-9A1E7A4F7556}") = "Transaction.NSB", "Transaction.NSB\Transaction.NSB.csproj", "{96B4FD14-0DBD-4C79-AE9D-3B49EA893DA1}"
EndProject
Project("{9A19103F-16F7-4668-BE54-9A1E7A4F7556}") = "Account.NSB", "Account.NSB\Account.NSB.csproj", "{BEEF8061-DF81-49FA-BB2A-8A60396FAF03}"
EndProject
Project("{9A19103F-16F7-4668-BE54-9A1E7A4F7556}") = "NSB.Messages", "NSB.Messages\NSB.Messages.csproj", "{A64B1321-2F4A-4F95-9B68-0B11D4338CCF}"
EndProject
Project("{2150E333-8FDC-42A3-9474-1A3956D46DE8}") = "Account", "Account", "{FD52FC7E-EDE6-4FE1-B528-F83315CDA2D1}"
EndProject
Global
	GlobalSection(SolutionConfigurationPlatforms) = preSolution
		Debug|Any CPU = Debug|Any CPU
		Release|Any CPU = Release|Any CPU
	EndGlobalSection
	GlobalSection(ProjectConfigurationPlatforms) = postSolution
		{6EB194D0-09F2-4C96-BFD2-9B7F1A897750}.Debug|Any CPU.ActiveCfg = Debug|Any CPU
		{6EB194D0-09F2-4C96-BFD2-9B7F1A897750}.Debug|Any CPU.Build.0 = Debug|Any CPU
		{6EB194D0-09F2-4C96-BFD2-9B7F1A897750}.Release|Any CPU.ActiveCfg = Release|Any CPU
		{6EB194D0-09F2-4C96-BFD2-9B7F1A897750}.Release|Any CPU.Build.0 = Release|Any CPU
		{2072A3BD-E182-4D85-80DB-AB863F0F90F2}.Debug|Any CPU.ActiveCfg = Debug|Any CPU
		{2072A3BD-E182-4D85-80DB-AB863F0F90F2}.Debug|Any CPU.Build.0 = Debug|Any CPU
		{2072A3BD-E182-4D85-80DB-AB863F0F90F2}.Release|Any CPU.ActiveCfg = Release|Any CPU
		{2072A3BD-E182-4D85-80DB-AB863F0F90F2}.Release|Any CPU.Build.0 = Release|Any CPU
		{8E56EA0E-50BD-438A-A0EB-5244796ECC6A}.Debug|Any CPU.ActiveCfg = Debug|Any CPU
		{8E56EA0E-50BD-438A-A0EB-5244796ECC6A}.Debug|Any CPU.Build.0 = Debug|Any CPU
		{8E56EA0E-50BD-438A-A0EB-5244796ECC6A}.Release|Any CPU.ActiveCfg = Release|Any CPU
		{8E56EA0E-50BD-438A-A0EB-5244796ECC6A}.Release|Any CPU.Build.0 = Release|Any CPU
		{74BAC4F0-F1F4-43ED-8AFC-A6B6616A9F49}.Debug|Any CPU.ActiveCfg = Debug|Any CPU
		{74BAC4F0-F1F4-43ED-8AFC-A6B6616A9F49}.Debug|Any CPU.Build.0 = Debug|Any CPU
		{74BAC4F0-F1F4-43ED-8AFC-A6B6616A9F49}.Release|Any CPU.ActiveCfg = Release|Any CPU
		{74BAC4F0-F1F4-43ED-8AFC-A6B6616A9F49}.Release|Any CPU.Build.0 = Release|Any CPU
		{F7AC4368-323E-4B3D-A136-C40DA644FDCE}.Debug|Any CPU.ActiveCfg = Debug|Any CPU
		{F7AC4368-323E-4B3D-A136-C40DA644FDCE}.Debug|Any CPU.Build.0 = Debug|Any CPU
		{F7AC4368-323E-4B3D-A136-C40DA644FDCE}.Release|Any CPU.ActiveCfg = Release|Any CPU
		{F7AC4368-323E-4B3D-A136-C40DA644FDCE}.Release|Any CPU.Build.0 = Release|Any CPU
		{CF1D350F-F10B-4CB6-8E0C-B52BF4B571C8}.Debug|Any CPU.ActiveCfg = Debug|Any CPU
		{CF1D350F-F10B-4CB6-8E0C-B52BF4B571C8}.Debug|Any CPU.Build.0 = Debug|Any CPU
		{CF1D350F-F10B-4CB6-8E0C-B52BF4B571C8}.Release|Any CPU.ActiveCfg = Release|Any CPU
		{CF1D350F-F10B-4CB6-8E0C-B52BF4B571C8}.Release|Any CPU.Build.0 = Release|Any CPU
		{96B4FD14-0DBD-4C79-AE9D-3B49EA893DA1}.Debug|Any CPU.ActiveCfg = Debug|Any CPU
		{96B4FD14-0DBD-4C79-AE9D-3B49EA893DA1}.Debug|Any CPU.Build.0 = Debug|Any CPU
		{96B4FD14-0DBD-4C79-AE9D-3B49EA893DA1}.Release|Any CPU.ActiveCfg = Release|Any CPU
		{96B4FD14-0DBD-4C79-AE9D-3B49EA893DA1}.Release|Any CPU.Build.0 = Release|Any CPU
		{BEEF8061-DF81-49FA-BB2A-8A60396FAF03}.Debug|Any CPU.ActiveCfg = Debug|Any CPU
		{BEEF8061-DF81-49FA-BB2A-8A60396FAF03}.Debug|Any CPU.Build.0 = Debug|Any CPU
		{BEEF8061-DF81-49FA-BB2A-8A60396FAF03}.Release|Any CPU.ActiveCfg = Release|Any CPU
		{BEEF8061-DF81-49FA-BB2A-8A60396FAF03}.Release|Any CPU.Build.0 = Release|Any CPU
		{A64B1321-2F4A-4F95-9B68-0B11D4338CCF}.Debug|Any CPU.ActiveCfg = Debug|Any CPU
		{A64B1321-2F4A-4F95-9B68-0B11D4338CCF}.Debug|Any CPU.Build.0 = Debug|Any CPU
		{A64B1321-2F4A-4F95-9B68-0B11D4338CCF}.Release|Any CPU.ActiveCfg = Release|Any CPU
		{A64B1321-2F4A-4F95-9B68-0B11D4338CCF}.Release|Any CPU.Build.0 = Release|Any CPU
	EndGlobalSection
	GlobalSection(SolutionProperties) = preSolution
		HideSolutionNode = FALSE
	EndGlobalSection
	GlobalSection(NestedProjects) = preSolution
		{6EB194D0-09F2-4C96-BFD2-9B7F1A897750} = {FD52FC7E-EDE6-4FE1-B528-F83315CDA2D1}
		{2072A3BD-E182-4D85-80DB-AB863F0F90F2} = {FD52FC7E-EDE6-4FE1-B528-F83315CDA2D1}
		{8E56EA0E-50BD-438A-A0EB-5244796ECC6A} = {FD52FC7E-EDE6-4FE1-B528-F83315CDA2D1}
		{74BAC4F0-F1F4-43ED-8AFC-A6B6616A9F49} = {B8EF8115-A8BA-4FA3-ACB2-71EC45BFDD18}
		{F7AC4368-323E-4B3D-A136-C40DA644FDCE} = {B8EF8115-A8BA-4FA3-ACB2-71EC45BFDD18}
		{CF1D350F-F10B-4CB6-8E0C-B52BF4B571C8} = {B8EF8115-A8BA-4FA3-ACB2-71EC45BFDD18}
		{96B4FD14-0DBD-4C79-AE9D-3B49EA893DA1} = {B8EF8115-A8BA-4FA3-ACB2-71EC45BFDD18}
		{BEEF8061-DF81-49FA-BB2A-8A60396FAF03} = {FD52FC7E-EDE6-4FE1-B528-F83315CDA2D1}
	EndGlobalSection
	GlobalSection(ExtensibilityGlobals) = postSolution
		SolutionGuid = {F5E703FF-6F79-40DA-9400-49929A529033}
	EndGlobalSection
EndGlobal
